# This file is autogenerated, do not edit; changes may be undone by the next 'dep ensure'.


[[projects]]
  digest = "1:f913db46dd2604735e5fe8f08fcf1490509a208697b7d63ac301ff5a84ece948"
  name = "github.com/gizak/termui"
  packages = [
    "v3",
    "v3/drawille",
    "v3/widgets",
  ]
  pruneopts = "UT"
  revision = "4cca61d83fa2cc0f485c478ff768b0108f6591d6"
  version = "v3.1.0"

[[projects]]
  digest = "1:0356f3312c9bd1cbeda81505b7fd437501d8e778ab66998ef69f00d7f9b3a0d7"
  name = "github.com/mattn/go-runewidth"
  packages = ["."]
  pruneopts = "UT"
  revision = "3ee7d812e62a0804a7d0a324e0249ca2db3476d3"
  version = "v0.0.4"

[[projects]]
  digest = "1:abf08734a6527df70ed361d7c369fb580e6840d8f7a6012e5f609fdfd93b4e48"
  name = "github.com/mitchellh/go-wordwrap"
  packages = ["."]
  pruneopts = "UT"
  revision = "9e67c67572bc5dd02aef930e2b0ae3c02a4b5a5c"
  version = "v1.0.0"

[[projects]]
  branch = "master"
  digest = "1:3748273fbc527cb86628e8060e1a98df3d082f1d750a63056522e01ea87ff4a0"
  name = "github.com/nsf/termbox-go"
  packages = ["."]
  pruneopts = "UT"
  revision = "93860e16131719fa9722e7c448dbf8c0e3210a0d"

[solve-meta]
  analyzer-name = "dep"
  analyzer-version = 1
  input-imports = [
    "github.com/gizak/termui/v3",
    "github.com/gizak/termui/v3/widgets",
  ]
  solver-name = "gps-cdcl"
  solver-version = 1
